
Microsoft Visual Studio Solution File, Format Version 12.00
# Visual Studio Version 16
VisualStudioVersion = 16.0.29728.190
MinimumVisualStudioVersion = 10.0.40219.1
Project("{FAE04EC0-301F-11D3-BF4B-00C04F79EFBC}") = "WorkingThing", "WorkingThing\WorkingThing.csproj", "{74238A15-B833-497A-BD84-0B672C6D4CCC}"
EndProject
Global
	GlobalSection(SolutionConfigurationPlatforms) = preSolution
		Debug|Any CPU = Debug|Any CPU
		Release|Any CPU = Release|Any CPU
	EndGlobalSection
	GlobalSection(ProjectConfigurationPlatforms) = postSolution
		{74238A15-B833-497A-BD84-0B672C6D4CCC}.Debug|Any CPU.ActiveCfg = Debug|Any CPU
		{74238A15-B833-497A-BD84-0B672C6D4CCC}.Debug|Any CPU.Build.0 = Debug|Any CPU
		{74238A15-B833-497A-BD84-0B672C6D4CCC}.Release|Any CPU.ActiveCfg = Release|Any CPU
		{74238A15-B833-497A-BD84-0B672C6D4CCC}.Release|Any CPU.Build.0 = Release|Any CPU
	EndGlobalSection
	GlobalSection(SolutionProperties) = preSolution
		HideSolutionNode = FALSE
	EndGlobalSection
	GlobalSection(ExtensibilityGlobals) = postSolution
		SolutionGuid = {B6C75B2C-2BFB-438E-A42D-BA288845E960}
	EndGlobalSection
EndGlobal
