
Microsoft Visual Studio Solution File, Format Version 12.00
# Visual Studio Version 16
VisualStudioVersion = 16.0.30907.101
MinimumVisualStudioVersion = 10.0.40219.1
Project("{FAE04EC0-301F-11D3-BF4B-00C04F79EFBC}") = "Cube", "Cube\Cube.csproj", "{8914DA8C-A208-4B35-9A07-6F57D7EADA86}"
EndProject
Global
	GlobalSection(SolutionConfigurationPlatforms) = preSolution
		Debug|Any CPU = Debug|Any CPU
		Release|Any CPU = Release|Any CPU
	EndGlobalSection
	GlobalSection(ProjectConfigurationPlatforms) = postSolution
		{8914DA8C-A208-4B35-9A07-6F57D7EADA86}.Debug|Any CPU.ActiveCfg = Debug|Any CPU
		{8914DA8C-A208-4B35-9A07-6F57D7EADA86}.Debug|Any CPU.Build.0 = Debug|Any CPU
		{8914DA8C-A208-4B35-9A07-6F57D7EADA86}.Release|Any CPU.ActiveCfg = Release|Any CPU
		{8914DA8C-A208-4B35-9A07-6F57D7EADA86}.Release|Any CPU.Build.0 = Release|Any CPU
	EndGlobalSection
	GlobalSection(SolutionProperties) = preSolution
		HideSolutionNode = FALSE
	EndGlobalSection
	GlobalSection(ExtensibilityGlobals) = postSolution
		SolutionGuid = {F6D1E644-CCEF-4C36-BB8E-22EDB2334146}
	EndGlobalSection
EndGlobal
