
Microsoft Visual Studio Solution File, Format Version 12.00
# Visual Studio Version 16
VisualStudioVersion = 16.0.29728.190
MinimumVisualStudioVersion = 10.0.40219.1
Project("{FAE04EC0-301F-11D3-BF4B-00C04F79EFBC}") = "Circle", "Circle\Circle.csproj", "{88808E1E-40A5-44D1-864E-6320FD50C3E1}"
EndProject
Global
	GlobalSection(SolutionConfigurationPlatforms) = preSolution
		Debug|Any CPU = Debug|Any CPU
		Release|Any CPU = Release|Any CPU
	EndGlobalSection
	GlobalSection(ProjectConfigurationPlatforms) = postSolution
		{88808E1E-40A5-44D1-864E-6320FD50C3E1}.Debug|Any CPU.ActiveCfg = Debug|Any CPU
		{88808E1E-40A5-44D1-864E-6320FD50C3E1}.Debug|Any CPU.Build.0 = Debug|Any CPU
		{88808E1E-40A5-44D1-864E-6320FD50C3E1}.Release|Any CPU.ActiveCfg = Release|Any CPU
		{88808E1E-40A5-44D1-864E-6320FD50C3E1}.Release|Any CPU.Build.0 = Release|Any CPU
	EndGlobalSection
	GlobalSection(SolutionProperties) = preSolution
		HideSolutionNode = FALSE
	EndGlobalSection
	GlobalSection(ExtensibilityGlobals) = postSolution
		SolutionGuid = {63413EEB-5087-4E1A-9CD7-78848C1E5983}
	EndGlobalSection
EndGlobal
