
Microsoft Visual Studio Solution File, Format Version 12.00
# Visual Studio Version 16
VisualStudioVersion = 16.0.30907.101
MinimumVisualStudioVersion = 10.0.40219.1
Project("{FAE04EC0-301F-11D3-BF4B-00C04F79EFBC}") = "Inheritance", "Inheritance\Inheritance.csproj", "{C3F06218-88D4-4475-A8BC-2CC6A8DA8A2B}"
EndProject
Global
	GlobalSection(SolutionConfigurationPlatforms) = preSolution
		Debug|Any CPU = Debug|Any CPU
		Release|Any CPU = Release|Any CPU
	EndGlobalSection
	GlobalSection(ProjectConfigurationPlatforms) = postSolution
		{C3F06218-88D4-4475-A8BC-2CC6A8DA8A2B}.Debug|Any CPU.ActiveCfg = Debug|Any CPU
		{C3F06218-88D4-4475-A8BC-2CC6A8DA8A2B}.Debug|Any CPU.Build.0 = Debug|Any CPU
		{C3F06218-88D4-4475-A8BC-2CC6A8DA8A2B}.Release|Any CPU.ActiveCfg = Release|Any CPU
		{C3F06218-88D4-4475-A8BC-2CC6A8DA8A2B}.Release|Any CPU.Build.0 = Release|Any CPU
	EndGlobalSection
	GlobalSection(SolutionProperties) = preSolution
		HideSolutionNode = FALSE
	EndGlobalSection
	GlobalSection(ExtensibilityGlobals) = postSolution
		SolutionGuid = {CF8BE0E7-D1A2-4FE2-9F16-B3DFE9295992}
	EndGlobalSection
EndGlobal
