
Microsoft Visual Studio Solution File, Format Version 12.00
# Visual Studio Version 16
VisualStudioVersion = 16.0.29728.190
MinimumVisualStudioVersion = 10.0.40219.1
Project("{FAE04EC0-301F-11D3-BF4B-00C04F79EFBC}") = "BubbleSort", "BubbleSort\BubbleSort.csproj", "{B1AE4369-1CB6-4863-B8FB-1174869C61BD}"
EndProject
Global
	GlobalSection(SolutionConfigurationPlatforms) = preSolution
		Debug|Any CPU = Debug|Any CPU
		Release|Any CPU = Release|Any CPU
	EndGlobalSection
	GlobalSection(ProjectConfigurationPlatforms) = postSolution
		{B1AE4369-1CB6-4863-B8FB-1174869C61BD}.Debug|Any CPU.ActiveCfg = Debug|Any CPU
		{B1AE4369-1CB6-4863-B8FB-1174869C61BD}.Debug|Any CPU.Build.0 = Debug|Any CPU
		{B1AE4369-1CB6-4863-B8FB-1174869C61BD}.Release|Any CPU.ActiveCfg = Release|Any CPU
		{B1AE4369-1CB6-4863-B8FB-1174869C61BD}.Release|Any CPU.Build.0 = Release|Any CPU
	EndGlobalSection
	GlobalSection(SolutionProperties) = preSolution
		HideSolutionNode = FALSE
	EndGlobalSection
	GlobalSection(ExtensibilityGlobals) = postSolution
		SolutionGuid = {2EE8CCA8-AA3B-4CD7-86F5-6E26FBCC2002}
	EndGlobalSection
EndGlobal
