
Microsoft Visual Studio Solution File, Format Version 12.00
# Visual Studio Version 16
VisualStudioVersion = 16.0.30907.101
MinimumVisualStudioVersion = 10.0.40219.1
Project("{FAE04EC0-301F-11D3-BF4B-00C04F79EFBC}") = "Inheritance", "Inheritance\Inheritance.csproj", "{EAC578A1-0222-4390-8FC0-D6F5EA83BABE}"
EndProject
Global
	GlobalSection(SolutionConfigurationPlatforms) = preSolution
		Debug|Any CPU = Debug|Any CPU
		Release|Any CPU = Release|Any CPU
	EndGlobalSection
	GlobalSection(ProjectConfigurationPlatforms) = postSolution
		{EAC578A1-0222-4390-8FC0-D6F5EA83BABE}.Debug|Any CPU.ActiveCfg = Debug|Any CPU
		{EAC578A1-0222-4390-8FC0-D6F5EA83BABE}.Debug|Any CPU.Build.0 = Debug|Any CPU
		{EAC578A1-0222-4390-8FC0-D6F5EA83BABE}.Release|Any CPU.ActiveCfg = Release|Any CPU
		{EAC578A1-0222-4390-8FC0-D6F5EA83BABE}.Release|Any CPU.Build.0 = Release|Any CPU
	EndGlobalSection
	GlobalSection(SolutionProperties) = preSolution
		HideSolutionNode = FALSE
	EndGlobalSection
	GlobalSection(ExtensibilityGlobals) = postSolution
		SolutionGuid = {D7131A78-12D4-4F27-91E1-94634D7A277A}
	EndGlobalSection
EndGlobal
