
Microsoft Visual Studio Solution File, Format Version 12.00
# Visual Studio Version 16
VisualStudioVersion = 16.0.29728.190
MinimumVisualStudioVersion = 10.0.40219.1
Project("{FAE04EC0-301F-11D3-BF4B-00C04F79EFBC}") = "FizzBuzz", "FizzBuzz\FizzBuzz.csproj", "{CED7D08E-B0A1-4E68-851E-51A2E8DDB54D}"
EndProject
Global
	GlobalSection(SolutionConfigurationPlatforms) = preSolution
		Debug|Any CPU = Debug|Any CPU
		Release|Any CPU = Release|Any CPU
	EndGlobalSection
	GlobalSection(ProjectConfigurationPlatforms) = postSolution
		{CED7D08E-B0A1-4E68-851E-51A2E8DDB54D}.Debug|Any CPU.ActiveCfg = Debug|Any CPU
		{CED7D08E-B0A1-4E68-851E-51A2E8DDB54D}.Debug|Any CPU.Build.0 = Debug|Any CPU
		{CED7D08E-B0A1-4E68-851E-51A2E8DDB54D}.Release|Any CPU.ActiveCfg = Release|Any CPU
		{CED7D08E-B0A1-4E68-851E-51A2E8DDB54D}.Release|Any CPU.Build.0 = Release|Any CPU
	EndGlobalSection
	GlobalSection(SolutionProperties) = preSolution
		HideSolutionNode = FALSE
	EndGlobalSection
	GlobalSection(ExtensibilityGlobals) = postSolution
		SolutionGuid = {47176E04-EE15-4C3D-B76F-68B0DE734AFE}
	EndGlobalSection
EndGlobal
